github.com/gorilla/context v1.1.1 h1:AWwleXJkX/nhcU9bZSnZoi3h/qGYqQAGhq6zZe/aQW8=
github.com/gorilla/context v1.1.1/go.mod h1:kBGZzfjB9CEq2AlWe17Uuf7NDRt0dE0s8S51q0aT7Yg=
github.com/julienschmidt/httprouter v1.3.0 h1:U0609e9tgbseu3rBINet9P48AI/D3oJs4dN7jwJOQ1U=
github.com/julienschmidt/httprouter v1.3.0/go.mod h1:JR6WtHb+2LUe8TCKY3cZOxFyyO8IZAc4RVcycCCAKdM=
github.com/justinas/alice v1.2.0 h1:+MHSA/vccVCF4Uq37S42jwlkvI2Xzl7zTPCN5BnZNVo=
github.com/justinas/alice v1.2.0/go.mod h1:fN5HRH/reO/zrUflLfTN43t3vXvKzvZIENsNEe7i7qA=
github.com/mitchellh/goamz v0.0.0-20150317174335-caaaea8b30ee h1:Wp4ixY2/QEZOrQrGMF1h1x4yxqsef+aQPse0XMXzZhs=
github.com/mitchellh/goamz v0.0.0-20150317174335-caaaea8b30ee/go.mod h1:svb8iUupD5i7RyGXoCUrk3EQSaXjWxKuqiZ0j41Jmm8=
github.com/motain/gocheck v0.0.0-20131023154940-9beb271d26e6 h1:gKdQPVb3yDSbcw4sgNyrt2LP0/4uTdrvTm3e4IcATCE=
github.com/motain/gocheck v0.0.0-20131023154940-9beb271d26e6/go.mod h1:RnPn6D1AAyccwR5T+py4G3eMhZuqr0/pGM6Ygpu1tDc=
github.com/nmerouze/stack v0.0.0-20150311025050-26839bd7103f h1:ZvBA8KFRNps5QMFKh+Um4W9Suf9ZnW6zxbkKU2wDvFI=
github.com/nmerouze/stack v0.0.0-20150311025050-26839bd7103f/go.mod h1:l1XxEQ9FDHEky5EGNBIISyyaRqkTiDx/p1HsyxjUsTc=
github.com/vaughan0/go-ini v0.0.0-20130923145212-a98ad7ee00ec h1:DGmKwyZwEB8dI7tbLt/I/gQuP559o/0FrAkHKlQM/Ks=
github.com/vaughan0/go-ini v0.0.0-20130923145212-a98ad7ee00ec/go.mod h1:owBmyHYMLkxyrugmfwE/DLJyW8Ro9mkphwuVErQ0iUw=
launchpad.net/gocheck v0.0.0-20140225173054-000000000087 h1:Izowp2XBH6Ya6rv+hqbceQyw/gSGoXfH/UPoTGduL54=
launchpad.net/gocheck v0.0.0-20140225173054-000000000087/go.mod h1:hj7XX3B/0A+80Vse0e+BUHsHMTEhd0O4cpUHr/e/BUM=
